
Microsoft Visual Studio Solution File, Format Version 12.00
# Visual Studio Version 17
VisualStudioVersion = 17.5.33424.131
MinimumVisualStudioVersion = 10.0.40219.1
Project("{FAE04EC0-301F-11D3-BF4B-00C04F79EFBC}") = "ConsoleApp11", "ConsoleApp11\ConsoleApp11.csproj", "{C81713CF-9B6B-4EC1-B6A0-0D5D8FC42BA2}"
EndProject
Global
	GlobalSection(SolutionConfigurationPlatforms) = preSolution
		Debug|Any CPU = Debug|Any CPU
		Release|Any CPU = Release|Any CPU
	EndGlobalSection
	GlobalSection(ProjectConfigurationPlatforms) = postSolution
		{C81713CF-9B6B-4EC1-B6A0-0D5D8FC42BA2}.Debug|Any CPU.ActiveCfg = Debug|Any CPU
		{C81713CF-9B6B-4EC1-B6A0-0D5D8FC42BA2}.Debug|Any CPU.Build.0 = Debug|Any CPU
		{C81713CF-9B6B-4EC1-B6A0-0D5D8FC42BA2}.Release|Any CPU.ActiveCfg = Release|Any CPU
		{C81713CF-9B6B-4EC1-B6A0-0D5D8FC42BA2}.Release|Any CPU.Build.0 = Release|Any CPU
	EndGlobalSection
	GlobalSection(SolutionProperties) = preSolution
		HideSolutionNode = FALSE
	EndGlobalSection
	GlobalSection(ExtensibilityGlobals) = postSolution
		SolutionGuid = {F1EAAD17-6436-4233-A131-050826277EA8}
	EndGlobalSection
EndGlobal
